// !$*UTF8*$!
{
	archiveVersion = 1;
	classes = {
	};
	objectVersion = 51;
	objects = {

/* Begin PBXBuildFile section */
		9E2E758B23BAAAD700686542 /* AppDelegate.swift in Sources */ = {isa = PBXBuildFile; fileRef = 9E2E758A23BAAAD700686542 /* AppDelegate.swift */; };
		9E2E758D23BAAAD700686542 /* SceneDelegate.swift in Sources */ = {isa = PBXBuildFile; fileRef = 9E2E758C23BAAAD700686542 /* SceneDelegate.swift */; };
		9E2E759223BAAAD700686542 /* Main.storyboard in Resources */ = {isa = PBXBuildFile; fileRef = 9E2E759023BAAAD700686542 /* Main.storyboard */; };
		9E2E759523BAAAD700686542 /* myPlaces.xcdatamodeld in Sources */ = {isa = PBXBuildFile; fileRef = 9E2E759323BAAAD700686542 /* myPlaces.xcdatamodeld */; };
		9E2E759723BAAAD800686542 /* Assets.xcassets in Resources */ = {isa = PBXBuildFile; fileRef = 9E2E759623BAAAD800686542 /* Assets.xcassets */; };
		9E2E759A23BAAAD800686542 /* LaunchScreen.storyboard in Resources */ = {isa = PBXBuildFile; fileRef = 9E2E759823BAAAD800686542 /* LaunchScreen.storyboard */; };
		9E2E75A223BAAEF700686542 /* MainViewController.swift in Sources */ = {isa = PBXBuildFile; fileRef = 9E2E75A123BAAEF700686542 /* MainViewController.swift */; };
		9E5FBBA023D1AFE80023DC2B /* StorageManager.swift in Sources */ = {isa = PBXBuildFile; fileRef = 9E5FBB9F23D1AFE80023DC2B /* StorageManager.swift */; };
		9E685FCF23C93634000EB1DF /* CustomTableViewCell.swift in Sources */ = {isa = PBXBuildFile; fileRef = 9E685FCE23C93634000EB1DF /* CustomTableViewCell.swift */; };
		9E685FD123C93E1B000EB1DF /* PlaceModel.swift in Sources */ = {isa = PBXBuildFile; fileRef = 9E685FD023C93E1B000EB1DF /* PlaceModel.swift */; };
		9E781E5223CAAC2A0097AF6F /* NewPlaceViewController.swift in Sources */ = {isa = PBXBuildFile; fileRef = 9E781E5123CAAC2A0097AF6F /* NewPlaceViewController.swift */; };
		9EC0CC3823CFBC4000A54443 /* Pods_myPlaces.framework in Frameworks */ = {isa = PBXBuildFile; fileRef = 9E4450B423CFBB03001C3B7A /* Pods_myPlaces.framework */; };
/* End PBXBuildFile section */

/* Begin PBXFileReference section */
		1769C3D46679FBD9E945CB6E /* Pods-myPlaces.debug.xcconfig */ = {isa = PBXFileReference; includeInIndex = 1; lastKnownFileType = text.xcconfig; name = "Pods-myPlaces.debug.xcconfig"; path = "Target Support Files/Pods-myPlaces/Pods-myPlaces.debug.xcconfig"; sourceTree = "<group>"; };
		188F60F44971172F6922E0BB /* Pods_myPlaces.framework */ = {isa = PBXFileReference; explicitFileType = wrapper.framework; includeInIndex = 0; path = Pods_myPlaces.framework; sourceTree = BUILT_PRODUCTS_DIR; };
		1C274E9D485B257059F8FB73 /* Pods-myPlaces.release.xcconfig */ = {isa = PBXFileReference; includeInIndex = 1; lastKnownFileType = text.xcconfig; name = "Pods-myPlaces.release.xcconfig"; path = "Target Support Files/Pods-myPlaces/Pods-myPlaces.release.xcconfig"; sourceTree = "<group>"; };
		9E03927E23CFBA03000BA183 /* Realm.framework */ = {isa = PBXFileReference; explicitFileType = wrapper.framework; path = Realm.framework; sourceTree = BUILT_PRODUCTS_DIR; };
		9E03928223CFBA07000BA183 /* RealmSwift.framework */ = {isa = PBXFileReference; explicitFileType = wrapper.framework; path = RealmSwift.framework; sourceTree = BUILT_PRODUCTS_DIR; };
		9E2E758723BAAAD700686542 /* myPlaces.app */ = {isa = PBXFileReference; explicitFileType = wrapper.application; includeInIndex = 0; path = myPlaces.app; sourceTree = BUILT_PRODUCTS_DIR; };
		9E2E758A23BAAAD700686542 /* AppDelegate.swift */ = {isa = PBXFileReference; lastKnownFileType = sourcecode.swift; path = AppDelegate.swift; sourceTree = "<group>"; };
		9E2E758C23BAAAD700686542 /* SceneDelegate.swift */ = {isa = PBXFileReference; lastKnownFileType = sourcecode.swift; path = SceneDelegate.swift; sourceTree = "<group>"; };
		9E2E759123BAAAD700686542 /* Base */ = {isa = PBXFileReference; lastKnownFileType = file.storyboard; name = Base; path = Base.lproj/Main.storyboard; sourceTree = "<group>"; };
		9E2E759423BAAAD700686542 /* myPlaces.xcdatamodel */ = {isa = PBXFileReference; lastKnownFileType = wrapper.xcdatamodel; path = myPlaces.xcdatamodel; sourceTree = "<group>"; };
		9E2E759623BAAAD800686542 /* Assets.xcassets */ = {isa = PBXFileReference; lastKnownFileType = folder.assetcatalog; path = Assets.xcassets; sourceTree = "<group>"; };
		9E2E759923BAAAD800686542 /* Base */ = {isa = PBXFileReference; lastKnownFileType = file.storyboard; name = Base; path = Base.lproj/LaunchScreen.storyboard; sourceTree = "<group>"; };
		9E2E759B23BAAAD900686542 /* Info.plist */ = {isa = PBXFileReference; lastKnownFileType = text.plist.xml; path = Info.plist; sourceTree = "<group>"; };
		9E2E75A123BAAEF700686542 /* MainViewController.swift */ = {isa = PBXFileReference; lastKnownFileType = sourcecode.swift; path = MainViewController.swift; sourceTree = "<group>"; };
		9E4450B423CFBB03001C3B7A /* Pods_myPlaces.framework */ = {isa = PBXFileReference; explicitFileType = wrapper.framework; path = Pods_myPlaces.framework; sourceTree = BUILT_PRODUCTS_DIR; };
		9E5FBB9F23D1AFE80023DC2B /* StorageManager.swift */ = {isa = PBXFileReference; lastKnownFileType = sourcecode.swift; path = StorageManager.swift; sourceTree = "<group>"; };
		9E685FCE23C93634000EB1DF /* CustomTableViewCell.swift */ = {isa = PBXFileReference; lastKnownFileType = sourcecode.swift; path = CustomTableViewCell.swift; sourceTree = "<group>"; };
		9E685FD023C93E1B000EB1DF /* PlaceModel.swift */ = {isa = PBXFileReference; lastKnownFileType = sourcecode.swift; path = PlaceModel.swift; sourceTree = "<group>"; };
		9E781E5123CAAC2A0097AF6F /* NewPlaceViewController.swift */ = {isa = PBXFileReference; lastKnownFileType = sourcecode.swift; path = NewPlaceViewController.swift; sourceTree = "<group>"; };
		9E86ED6423CFB89B00FE3B73 /* RealmSwift.framework */ = {isa = PBXFileReference; explicitFileType = wrapper.framework; path = RealmSwift.framework; sourceTree = BUILT_PRODUCTS_DIR; };
		9E86ED6723CFB8B300FE3B73 /* Realm.framework */ = {isa = PBXFileReference; explicitFileType = wrapper.framework; path = Realm.framework; sourceTree = BUILT_PRODUCTS_DIR; };
		9EC0CC3B23CFBCA600A54443 /* Realm.framework */ = {isa = PBXFileReference; explicitFileType = wrapper.framework; path = Realm.framework; sourceTree = BUILT_PRODUCTS_DIR; };
		9EC0CC3E23CFBCAB00A54443 /* RealmSwift.framework */ = {isa = PBXFileReference; explicitFileType = wrapper.framework; path = RealmSwift.framework; sourceTree = BUILT_PRODUCTS_DIR; };
/* End PBXFileReference section */

/* Begin PBXFrameworksBuildPhase section */
		9E2E758423BAAAD700686542 /* Frameworks */ = {
			isa = PBXFrameworksBuildPhase;
			buildActionMask = 2147483647;
			files = (
				9EC0CC3823CFBC4000A54443 /* Pods_myPlaces.framework in Frameworks */,
			);
			runOnlyForDeploymentPostprocessing = 0;
		};
/* End PBXFrameworksBuildPhase section */

/* Begin PBXGroup section */
		9E2E757E23BAAAD700686542 = {
			isa = PBXGroup;
			children = (
				9E2E758923BAAAD700686542 /* myPlaces */,
				9E2E758823BAAAD700686542 /* Products */,
				DB8A9D61044253AB2AEB3E08 /* Pods */,
				BC03332912BE65B5F7503824 /* Frameworks */,
			);
			sourceTree = "<group>";
		};
		9E2E758823BAAAD700686542 /* Products */ = {
			isa = PBXGroup;
			children = (
				9E2E758723BAAAD700686542 /* myPlaces.app */,
			);
			name = Products;
			sourceTree = "<group>";
		};
		9E2E758923BAAAD700686542 /* myPlaces */ = {
			isa = PBXGroup;
			children = (
				9E2E758A23BAAAD700686542 /* AppDelegate.swift */,
				9E2E758C23BAAAD700686542 /* SceneDelegate.swift */,
				9E2E759023BAAAD700686542 /* Main.storyboard */,
				9E781E5123CAAC2A0097AF6F /* NewPlaceViewController.swift */,
				9E2E75A123BAAEF700686542 /* MainViewController.swift */,
				9E685FD023C93E1B000EB1DF /* PlaceModel.swift */,
				9E5FBB9F23D1AFE80023DC2B /* StorageManager.swift */,
				9E685FCE23C93634000EB1DF /* CustomTableViewCell.swift */,
				9E2E759623BAAAD800686542 /* Assets.xcassets */,
				9E2E759823BAAAD800686542 /* LaunchScreen.storyboard */,
				9E2E759B23BAAAD900686542 /* Info.plist */,
				9E2E759323BAAAD700686542 /* myPlaces.xcdatamodeld */,
			);
			path = myPlaces;
			sourceTree = "<group>";
		};
		BC03332912BE65B5F7503824 /* Frameworks */ = {
			isa = PBXGroup;
			children = (
				9EC0CC3E23CFBCAB00A54443 /* RealmSwift.framework */,
				9EC0CC3B23CFBCA600A54443 /* Realm.framework */,
				9E4450B423CFBB03001C3B7A /* Pods_myPlaces.framework */,
				9E03928223CFBA07000BA183 /* RealmSwift.framework */,
				9E03927E23CFBA03000BA183 /* Realm.framework */,
				9E86ED6723CFB8B300FE3B73 /* Realm.framework */,
				9E86ED6423CFB89B00FE3B73 /* RealmSwift.framework */,
				188F60F44971172F6922E0BB /* Pods_myPlaces.framework */,
			);
			name = Frameworks;
			sourceTree = "<group>";
		};
		DB8A9D61044253AB2AEB3E08 /* Pods */ = {
			isa = PBXGroup;
			children = (
				1769C3D46679FBD9E945CB6E /* Pods-myPlaces.debug.xcconfig */,
				1C274E9D485B257059F8FB73 /* Pods-myPlaces.release.xcconfig */,
			);
			path = Pods;
			sourceTree = "<group>";
		};
/* End PBXGroup section */

/* Begin PBXNativeTarget section */
		9E2E758623BAAAD700686542 /* myPlaces */ = {
			isa = PBXNativeTarget;
			buildConfigurationList = 9E2E759E23BAAAD900686542 /* Build configuration list for PBXNativeTarget "myPlaces" */;
			buildPhases = (
				D552BB935517E2302D7EBF4C /* [CP] Check Pods Manifest.lock */,
				9E2E758323BAAAD700686542 /* Sources */,
				9E2E758423BAAAD700686542 /* Frameworks */,
				9E2E758523BAAAD700686542 /* Resources */,
				D4D79407A74D0FEF4B26F886 /* [CP] Embed Pods Frameworks */,
			);
			buildRules = (
			);
			dependencies = (
			);
			name = myPlaces;
			productName = myPlaces;
			productReference = 9E2E758723BAAAD700686542 /* myPlaces.app */;
			productType = "com.apple.product-type.application";
		};
/* End PBXNativeTarget section */

/* Begin PBXProject section */
		9E2E757F23BAAAD700686542 /* Project object */ = {
			isa = PBXProject;
			attributes = {
				LastSwiftUpdateCheck = 1130;
				LastUpgradeCheck = 1130;
				ORGANIZATIONNAME = "Саня Eloy";
				TargetAttributes = {
					9E2E758623BAAAD700686542 = {
						CreatedOnToolsVersion = 11.3;
					};
				};
			};
			buildConfigurationList = 9E2E758223BAAAD700686542 /* Build configuration list for PBXProject "myPlaces" */;
			compatibilityVersion = "Xcode 9.3";
			developmentRegion = en;
			hasScannedForEncodings = 0;
			knownRegions = (
				en,
				Base,
			);
			mainGroup = 9E2E757E23BAAAD700686542;
			productRefGroup = 9E2E758823BAAAD700686542 /* Products */;
			projectDirPath = "";
			projectRoot = "";
			targets = (
				9E2E758623BAAAD700686542 /* myPlaces */,
			);
		};
/* End PBXProject section */

/* Begin PBXResourcesBuildPhase section */
		9E2E758523BAAAD700686542 /* Resources */ = {
			isa = PBXResourcesBuildPhase;
			buildActionMask = 2147483647;
			files = (
				9E2E759A23BAAAD800686542 /* LaunchScreen.storyboard in Resources */,
				9E2E759723BAAAD800686542 /* Assets.xcassets in Resources */,
				9E2E759223BAAAD700686542 /* Main.storyboard in Resources */,
			);
			runOnlyForDeploymentPostprocessing = 0;
		};
/* End PBXResourcesBuildPhase section */

/* Begin PBXShellScriptBuildPhase section */
		D4D79407A74D0FEF4B26F886 /* [CP] Embed Pods Frameworks */ = {
			isa = PBXShellScriptBuildPhase;
			buildActionMask = 2147483647;
			files = (
			);
			inputFileListPaths = (
				"${PODS_ROOT}/Target Support Files/Pods-myPlaces/Pods-myPlaces-frameworks-${CONFIGURATION}-input-files.xcfilelist",
			);
			name = "[CP] Embed Pods Frameworks";
			outputFileListPaths = (
				"${PODS_ROOT}/Target Support Files/Pods-myPlaces/Pods-myPlaces-frameworks-${CONFIGURATION}-output-files.xcfilelist",
			);
			runOnlyForDeploymentPostprocessing = 0;
			shellPath = /bin/sh;
			shellScript = "\"${PODS_ROOT}/Target Support Files/Pods-myPlaces/Pods-myPlaces-frameworks.sh\"\n";
			showEnvVarsInLog = 0;
		};
		D552BB935517E2302D7EBF4C /* [CP] Check Pods Manifest.lock */ = {
			isa = PBXShellScriptBuildPhase;
			buildActionMask = 2147483647;
			files = (
			);
			inputFileListPaths = (
			);
			inputPaths = (
				"${PODS_PODFILE_DIR_PATH}/Podfile.lock",
				"${PODS_ROOT}/Manifest.lock",
			);
			name = "[CP] Check Pods Manifest.lock";
			outputFileListPaths = (
			);
			outputPaths = (
				"$(DERIVED_FILE_DIR)/Pods-myPlaces-checkManifestLockResult.txt",
			);
			runOnlyForDeploymentPostprocessing = 0;
			shellPath = /bin/sh;
			shellScript = "diff \"${PODS_PODFILE_DIR_PATH}/Podfile.lock\" \"${PODS_ROOT}/Manifest.lock\" > /dev/null\nif [ $? != 0 ] ; then\n    # print error to STDERR\n    echo \"error: The sandbox is not in sync with the Podfile.lock. Run 'pod install' or update your CocoaPods installation.\" >&2\n    exit 1\nfi\n# This output is used by Xcode 'outputs' to avoid re-running this script phase.\necho \"SUCCESS\" > \"${SCRIPT_OUTPUT_FILE_0}\"\n";
			showEnvVarsInLog = 0;
		};
/* End PBXShellScriptBuildPhase section */

/* Begin PBXSourcesBuildPhase section */
		9E2E758323BAAAD700686542 /* Sources */ = {
			isa = PBXSourcesBuildPhase;
			buildActionMask = 2147483647;
			files = (
				9E2E758B23BAAAD700686542 /* AppDelegate.swift in Sources */,
				9E685FD123C93E1B000EB1DF /* PlaceModel.swift in Sources */,
				9E685FCF23C93634000EB1DF /* CustomTableViewCell.swift in Sources */,
				9E2E758D23BAAAD700686542 /* SceneDelegate.swift in Sources */,
				9E781E5223CAAC2A0097AF6F /* NewPlaceViewController.swift in Sources */,
				9E2E759523BAAAD700686542 /* myPlaces.xcdatamodeld in Sources */,
				9E2E75A223BAAEF700686542 /* MainViewController.swift in Sources */,
				9E5FBBA023D1AFE80023DC2B /* StorageManager.swift in Sources */,
			);
			runOnlyForDeploymentPostprocessing = 0;
		};
/* End PBXSourcesBuildPhase section */

/* Begin PBXVariantGroup section */
		9E2E759023BAAAD700686542 /* Main.storyboard */ = {
			isa = PBXVariantGroup;
			children = (
				9E2E759123BAAAD700686542 /* Base */,
			);
			name = Main.storyboard;
			sourceTree = "<group>";
		};
		9E2E759823BAAAD800686542 /* LaunchScreen.storyboard */ = {
			isa = PBXVariantGroup;
			children = (
				9E2E759923BAAAD800686542 /* Base */,
			);
			name = LaunchScreen.storyboard;
			sourceTree = "<group>";
		};
/* End PBXVariantGroup section */

/* Begin XCBuildConfiguration section */
		9E2E759C23BAAAD900686542 /* Debug */ = {
			isa = XCBuildConfiguration;
			buildSettings = {
				ALWAYS_SEARCH_USER_PATHS = NO;
				CLANG_ANALYZER_NONNULL = YES;
				CLANG_ANALYZER_NUMBER_OBJECT_CONVERSION = YES_AGGRESSIVE;
				CLANG_CXX_LANGUAGE_STANDARD = "gnu++14";
				CLANG_CXX_LIBRARY = "libc++";
				CLANG_ENABLE_MODULES = YES;
				CLANG_ENABLE_OBJC_ARC = YES;
				CLANG_ENABLE_OBJC_WEAK = YES;
				CLANG_WARN_BLOCK_CAPTURE_AUTORELEASING = YES;
				CLANG_WARN_BOOL_CONVERSION = YES;
				CLANG_WARN_COMMA = YES;
				CLANG_WARN_CONSTANT_CONVERSION = YES;
				CLANG_WARN_DEPRECATED_OBJC_IMPLEMENTATIONS = YES;
				CLANG_WARN_DIRECT_OBJC_ISA_USAGE = YES_ERROR;
				CLANG_WARN_DOCUMENTATION_COMMENTS = YES;
				CLANG_WARN_EMPTY_BODY = YES;
				CLANG_WARN_ENUM_CONVERSION = YES;
				CLANG_WARN_INFINITE_RECURSION = YES;
				CLANG_WARN_INT_CONVERSION = YES;
				CLANG_WARN_NON_LITERAL_NULL_CONVERSION = YES;
				CLANG_WARN_OBJC_IMPLICIT_RETAIN_SELF = YES;
				CLANG_WARN_OBJC_LITERAL_CONVERSION = YES;
				CLANG_WARN_OBJC_ROOT_CLASS = YES_ERROR;
				CLANG_WARN_RANGE_LOOP_ANALYSIS = YES;
				CLANG_WARN_STRICT_PROTOTYPES = YES;
				CLANG_WARN_SUSPICIOUS_MOVE = YES;
				CLANG_WARN_UNGUARDED_AVAILABILITY = YES_AGGRESSIVE;
				CLANG_WARN_UNREACHABLE_CODE = YES;
				CLANG_WARN__DUPLICATE_METHOD_MATCH = YES;
				COPY_PHASE_STRIP = NO;
				DEBUG_INFORMATION_FORMAT = dwarf;
				ENABLE_STRICT_OBJC_MSGSEND = YES;
				ENABLE_TESTABILITY = YES;
				GCC_C_LANGUAGE_STANDARD = gnu11;
				GCC_DYNAMIC_NO_PIC = NO;
				GCC_NO_COMMON_BLOCKS = YES;
				GCC_OPTIMIZATION_LEVEL = 0;
				GCC_PREPROCESSOR_DEFINITIONS = (
					"DEBUG=1",
					"$(inherited)",
				);
				GCC_WARN_64_TO_32_BIT_CONVERSION = YES;
				GCC_WARN_ABOUT_RETURN_TYPE = YES_ERROR;
				GCC_WARN_UNDECLARED_SELECTOR = YES;
				GCC_WARN_UNINITIALIZED_AUTOS = YES_AGGRESSIVE;
				GCC_WARN_UNUSED_FUNCTION = YES;
				GCC_WARN_UNUSED_VARIABLE = YES;
				IPHONEOS_DEPLOYMENT_TARGET = 13.2;
				MTL_ENABLE_DEBUG_INFO = INCLUDE_SOURCE;
				MTL_FAST_MATH = YES;
				ONLY_ACTIVE_ARCH = YES;
				SDKROOT = iphoneos;
				SWIFT_ACTIVE_COMPILATION_CONDITIONS = DEBUG;
				SWIFT_OPTIMIZATION_LEVEL = "-Onone";
			};
			name = Debug;
		};
		9E2E759D23BAAAD900686542 /* Release */ = {
			isa = XCBuildConfiguration;
			buildSettings = {
				ALWAYS_SEARCH_USER_PATHS = NO;
				CLANG_ANALYZER_NONNULL = YES;
				CLANG_ANALYZER_NUMBER_OBJECT_CONVERSION = YES_AGGRESSIVE;
				CLANG_CXX_LANGUAGE_STANDARD = "gnu++14";
				CLANG_CXX_LIBRARY = "libc++";
				CLANG_ENABLE_MODULES = YES;
				CLANG_ENABLE_OBJC_ARC = YES;
				CLANG_ENABLE_OBJC_WEAK = YES;
				CLANG_WARN_BLOCK_CAPTURE_AUTORELEASING = YES;
				CLANG_WARN_BOOL_CONVERSION = YES;
				CLANG_WARN_COMMA = YES;
				CLANG_WARN_CONSTANT_CONVERSION = YES;
				CLANG_WARN_DEPRECATED_OBJC_IMPLEMENTATIONS = YES;
				CLANG_WARN_DIRECT_OBJC_ISA_USAGE = YES_ERROR;
				CLANG_WARN_DOCUMENTATION_COMMENTS = YES;
				CLANG_WARN_EMPTY_BODY = YES;
				CLANG_WARN_ENUM_CONVERSION = YES;
				CLANG_WARN_INFINITE_RECURSION = YES;
				CLANG_WARN_INT_CONVERSION = YES;
				CLANG_WARN_NON_LITERAL_NULL_CONVERSION = YES;
				CLANG_WARN_OBJC_IMPLICIT_RETAIN_SELF = YES;
				CLANG_WARN_OBJC_LITERAL_CONVERSION = YES;
				CLANG_WARN_OBJC_ROOT_CLASS = YES_ERROR;
				CLANG_WARN_RANGE_LOOP_ANALYSIS = YES;
				CLANG_WARN_STRICT_PROTOTYPES = YES;
				CLANG_WARN_SUSPICIOUS_MOVE = YES;
				CLANG_WARN_UNGUARDED_AVAILABILITY = YES_AGGRESSIVE;
				CLANG_WARN_UNREACHABLE_CODE = YES;
				CLANG_WARN__DUPLICATE_METHOD_MATCH = YES;
				COPY_PHASE_STRIP = NO;
				DEBUG_INFORMATION_FORMAT = "dwarf-with-dsym";
				ENABLE_NS_ASSERTIONS = NO;
				ENABLE_STRICT_OBJC_MSGSEND = YES;
				GCC_C_LANGUAGE_STANDARD = gnu11;
				GCC_NO_COMMON_BLOCKS = YES;
				GCC_WARN_64_TO_32_BIT_CONVERSION = YES;
				GCC_WARN_ABOUT_RETURN_TYPE = YES_ERROR;
				GCC_WARN_UNDECLARED_SELECTOR = YES;
				GCC_WARN_UNINITIALIZED_AUTOS = YES_AGGRESSIVE;
				GCC_WARN_UNUSED_FUNCTION = YES;
				GCC_WARN_UNUSED_VARIABLE = YES;
				IPHONEOS_DEPLOYMENT_TARGET = 13.2;
				MTL_ENABLE_DEBUG_INFO = NO;
				MTL_FAST_MATH = YES;
				SDKROOT = iphoneos;
				SWIFT_COMPILATION_MODE = wholemodule;
				SWIFT_OPTIMIZATION_LEVEL = "-O";
				VALIDATE_PRODUCT = YES;
			};
			name = Release;
		};
		9E2E759F23BAAAD900686542 /* Debug */ = {
			isa = XCBuildConfiguration;
			baseConfigurationReference = 1769C3D46679FBD9E945CB6E /* Pods-myPlaces.debug.xcconfig */;
			buildSettings = {
				ASSETCATALOG_COMPILER_APPICON_NAME = AppIcon;
				CODE_SIGN_STYLE = Automatic;
				DEVELOPMENT_TEAM = S3559688F2;
				INFOPLIST_FILE = myPlaces/Info.plist;
				LD_RUNPATH_SEARCH_PATHS = (
					"$(inherited)",
					"@executable_path/Frameworks",
				);
				PRODUCT_BUNDLE_IDENTIFIER = myEloyTeam.myPlaces;
				PRODUCT_NAME = "$(TARGET_NAME)";
				SWIFT_VERSION = 5.0;
				TARGETED_DEVICE_FAMILY = "1,2";
			};
			name = Debug;
		};
		9E2E75A023BAAAD900686542 /* Release */ = {
			isa = XCBuildConfiguration;
			baseConfigurationReference = 1C274E9D485B257059F8FB73 /* Pods-myPlaces.release.xcconfig */;
			buildSettings = {
				ASSETCATALOG_COMPILER_APPICON_NAME = AppIcon;
				CODE_SIGN_STYLE = Automatic;
				DEVELOPMENT_TEAM = S3559688F2;
				INFOPLIST_FILE = myPlaces/Info.plist;
				LD_RUNPATH_SEARCH_PATHS = (
					"$(inherited)",
					"@executable_path/Frameworks",
				);
				PRODUCT_BUNDLE_IDENTIFIER = myEloyTeam.myPlaces;
				PRODUCT_NAME = "$(TARGET_NAME)";
				SWIFT_VERSION = 5.0;
				TARGETED_DEVICE_FAMILY = "1,2";
			};
			name = Release;
		};
/* End XCBuildConfiguration section */

/* Begin XCConfigurationList section */
		9E2E758223BAAAD700686542 /* Build configuration list for PBXProject "myPlaces" */ = {
			isa = XCConfigurationList;
			buildConfigurations = (
				9E2E759C23BAAAD900686542 /* Debug */,
				9E2E759D23BAAAD900686542 /* Release */,
			);
			defaultConfigurationIsVisible = 0;
			defaultConfigurationName = Release;
		};
		9E2E759E23BAAAD900686542 /* Build configuration list for PBXNativeTarget "myPlaces" */ = {
			isa = XCConfigurationList;
			buildConfigurations = (
				9E2E759F23BAAAD900686542 /* Debug */,
				9E2E75A023BAAAD900686542 /* Release */,
			);
			defaultConfigurationIsVisible = 0;
			defaultConfigurationName = Release;
		};
/* End XCConfigurationList section */

/* Begin XCVersionGroup section */
		9E2E759323BAAAD700686542 /* myPlaces.xcdatamodeld */ = {
			isa = XCVersionGroup;
			children = (
				9E2E759423BAAAD700686542 /* myPlaces.xcdatamodel */,
			);
			currentVersion = 9E2E759423BAAAD700686542 /* myPlaces.xcdatamodel */;
			path = myPlaces.xcdatamodeld;
			sourceTree = "<group>";
			versionGroupType = wrapper.xcdatamodel;
		};
/* End XCVersionGroup section */
	};
	rootObject = 9E2E757F23BAAAD700686542 /* Project object */;
}
